
Microsoft Visual Studio Solution File, Format Version 12.00
# Visual Studio 14
VisualStudioVersion = 14.0.25123.0
MinimumVisualStudioVersion = 10.0.40219.1
Project("{888888A0-9F3D-457C-B088-3A5042F75D52}") = "forwardModelingGRACE", "forwardModelingGRACE\forwardModelingGRACE.pyproj", "{5111E28E-C13C-4225-B0AD-A6C1C26C690D}"
EndProject
Global
	GlobalSection(SolutionConfigurationPlatforms) = preSolution
		Debug|Any CPU = Debug|Any CPU
		Release|Any CPU = Release|Any CPU
	EndGlobalSection
	GlobalSection(ProjectConfigurationPlatforms) = postSolution
		{5111E28E-C13C-4225-B0AD-A6C1C26C690D}.Debug|Any CPU.ActiveCfg = Debug|Any CPU
		{5111E28E-C13C-4225-B0AD-A6C1C26C690D}.Release|Any CPU.ActiveCfg = Release|Any CPU
	EndGlobalSection
	GlobalSection(SolutionProperties) = preSolution
		HideSolutionNode = FALSE
	EndGlobalSection
EndGlobal
